
Microsoft Visual Studio Solution File, Format Version 12.00
# Visual Studio Version 17
VisualStudioVersion = 17.9.34728.123
MinimumVisualStudioVersion = 10.0.40219.1
Project("{9A19103F-16F7-4668-BE54-9A1E7A4F7556}") = "BudgetUpServer", "BudgetUpServer\BudgetUpServer.csproj", "{5E663802-6E51-4E6C-BE80-C6C792DC3E23}"
EndProject
Project("{9A19103F-16F7-4668-BE54-9A1E7A4F7556}") = "BudgetUpServer.Test", "BudgetUpServerTest\BudgetUpServer.Test.csproj", "{A6D1CA71-B6B8-4B1C-B790-589D8045755B}"
EndProject
Global
	GlobalSection(SolutionConfigurationPlatforms) = preSolution
		Debug|Any CPU = Debug|Any CPU
		Release|Any CPU = Release|Any CPU
	EndGlobalSection
	GlobalSection(ProjectConfigurationPlatforms) = postSolution
		{5E663802-6E51-4E6C-BE80-C6C792DC3E23}.Debug|Any CPU.ActiveCfg = Debug|Any CPU
		{5E663802-6E51-4E6C-BE80-C6C792DC3E23}.Debug|Any CPU.Build.0 = Debug|Any CPU
		{5E663802-6E51-4E6C-BE80-C6C792DC3E23}.Release|Any CPU.ActiveCfg = Release|Any CPU
		{5E663802-6E51-4E6C-BE80-C6C792DC3E23}.Release|Any CPU.Build.0 = Release|Any CPU
		{A6D1CA71-B6B8-4B1C-B790-589D8045755B}.Debug|Any CPU.ActiveCfg = Debug|Any CPU
		{A6D1CA71-B6B8-4B1C-B790-589D8045755B}.Debug|Any CPU.Build.0 = Debug|Any CPU
		{A6D1CA71-B6B8-4B1C-B790-589D8045755B}.Release|Any CPU.ActiveCfg = Release|Any CPU
		{A6D1CA71-B6B8-4B1C-B790-589D8045755B}.Release|Any CPU.Build.0 = Release|Any CPU
	EndGlobalSection
	GlobalSection(SolutionProperties) = preSolution
		HideSolutionNode = FALSE
	EndGlobalSection
	GlobalSection(ExtensibilityGlobals) = postSolution
		SolutionGuid = {B30E587D-D89B-4D21-894E-B1078F64AA09}
	EndGlobalSection
EndGlobal
